{
  "name": "jsonschema-vsc",
  "version": "1.0.0",
  "lockfileVersion": 3,
  "requires": true,
  "packages": {
    "": {
      "name": "jsonschema-vsc",
      "version": "1.0.0",
      "license": "UNLICENSED",
      "dependencies": {
        "@types/vscode": "^1.84.2"
      },
      "devDependencies": {
        "jsonc-parser-vsc": "file:../jsonc-parser-vsc"
      }
    },
    "../jsonc-parser-vsc": {
      "version": "1.0.4",
      "dev": true,
      "license": "UNLICENSED",
      "dependencies": {
        "@types/vscode": "^1.84.2",
        "jsonc-parser": "^3.2.0"
      }
    },
    "node_modules/@types/vscode": {
      "version": "1.84.2",
      "resolved": "https://registry.npmjs.org/@types/vscode/-/vscode-1.84.2.tgz",
      "integrity": "sha512-LCe1FvCDMJKkPdLVGYhP0HRJ1PDop2gRVm/zFHiOKwYLBRS7vEV3uOOUId4HMV+L1IxqyS+IZXMmlSMRbZGIAw=="
    },
    "node_modules/jsonc-parser-vsc": {
      "resolved": "../jsonc-parser-vsc",
      "link": true
    }
  }
}
